
Microsoft Visual Studio Solution File, Format Version 12.00
# Visual Studio 15
VisualStudioVersion = 15.0.28307.1401
MinimumVisualStudioVersion = 10.0.40219.1
Project("{FAE04EC0-301F-11D3-BF4B-00C04F79EFBC}") = "App2Parcial.Android", "App2Parcial\App2Parcial.Android\App2Parcial.Android.csproj", "{6161D538-D2E5-4E5E-8B3D-F37DC3C422CB}"
EndProject
Project("{FAE04EC0-301F-11D3-BF4B-00C04F79EFBC}") = "App2Parcial.iOS", "App2Parcial\App2Parcial.iOS\App2Parcial.iOS.csproj", "{EBCF5071-6274-4F9E-BB7E-C394280D0460}"
EndProject
Project("{FAE04EC0-301F-11D3-BF4B-00C04F79EFBC}") = "App2Parcial", "App2Parcial\App2Parcial\App2Parcial.csproj", "{D89ED1C8-B09A-48B1-B478-24E8E6EF4BE9}"
EndProject
Global
	GlobalSection(SolutionConfigurationPlatforms) = preSolution
		Ad-Hoc|Any CPU = Ad-Hoc|Any CPU
		Ad-Hoc|iPhone = Ad-Hoc|iPhone
		Ad-Hoc|iPhoneSimulator = Ad-Hoc|iPhoneSimulator
		AppStore|Any CPU = AppStore|Any CPU
		AppStore|iPhone = AppStore|iPhone
		AppStore|iPhoneSimulator = AppStore|iPhoneSimulator
		Debug|Any CPU = Debug|Any CPU
		Debug|iPhone = Debug|iPhone
		Debug|iPhoneSimulator = Debug|iPhoneSimulator
		Release|Any CPU = Release|Any CPU
		Release|iPhone = Release|iPhone
		Release|iPhoneSimulator = Release|iPhoneSimulator
	EndGlobalSection
	GlobalSection(ProjectConfigurationPlatforms) = postSolution
		{6161D538-D2E5-4E5E-8B3D-F37DC3C422CB}.Ad-Hoc|Any CPU.ActiveCfg = Release|Any CPU
		{6161D538-D2E5-4E5E-8B3D-F37DC3C422CB}.Ad-Hoc|Any CPU.Build.0 = Release|Any CPU
		{6161D538-D2E5-4E5E-8B3D-F37DC3C422CB}.Ad-Hoc|Any CPU.Deploy.0 = Release|Any CPU
		{6161D538-D2E5-4E5E-8B3D-F37DC3C422CB}.Ad-Hoc|iPhone.ActiveCfg = Release|Any CPU
		{6161D538-D2E5-4E5E-8B3D-F37DC3C422CB}.Ad-Hoc|iPhone.Build.0 = Release|Any CPU
		{6161D538-D2E5-4E5E-8B3D-F37DC3C422CB}.Ad-Hoc|iPhone.Deploy.0 = Release|Any CPU
		{6161D538-D2E5-4E5E-8B3D-F37DC3C422CB}.Ad-Hoc|iPhoneSimulator.ActiveCfg = Release|Any CPU
		{6161D538-D2E5-4E5E-8B3D-F37DC3C422CB}.Ad-Hoc|iPhoneSimulator.Build.0 = Release|Any CPU
		{6161D538-D2E5-4E5E-8B3D-F37DC3C422CB}.Ad-Hoc|iPhoneSimulator.Deploy.0 = Release|Any CPU
		{6161D538-D2E5-4E5E-8B3D-F37DC3C422CB}.AppStore|Any CPU.ActiveCfg = Release|Any CPU
		{6161D538-D2E5-4E5E-8B3D-F37DC3C422CB}.AppStore|Any CPU.Build.0 = Release|Any CPU
		{6161D538-D2E5-4E5E-8B3D-F37DC3C422CB}.AppStore|Any CPU.Deploy.0 = Release|Any CPU
		{6161D538-D2E5-4E5E-8B3D-F37DC3C422CB}.AppStore|iPhone.ActiveCfg = Release|Any CPU
		{6161D538-D2E5-4E5E-8B3D-F37DC3C422CB}.AppStore|iPhone.Build.0 = Release|Any CPU
		{6161D538-D2E5-4E5E-8B3D-F37DC3C422CB}.AppStore|iPhone.Deploy.0 = Release|Any CPU
		{6161D538-D2E5-4E5E-8B3D-F37DC3C422CB}.AppStore|iPhoneSimulator.ActiveCfg = Release|Any CPU
		{6161D538-D2E5-4E5E-8B3D-F37DC3C422CB}.AppStore|iPhoneSimulator.Build.0 = Release|Any CPU
		{6161D538-D2E5-4E5E-8B3D-F37DC3C422CB}.AppStore|iPhoneSimulator.Deploy.0 = Release|Any CPU
		{6161D538-D2E5-4E5E-8B3D-F37DC3C422CB}.Debug|Any CPU.ActiveCfg = Debug|Any CPU
		{6161D538-D2E5-4E5E-8B3D-F37DC3C422CB}.Debug|Any CPU.Build.0 = Debug|Any CPU
		{6161D538-D2E5-4E5E-8B3D-F37DC3C422CB}.Debug|Any CPU.Deploy.0 = Debug|Any CPU
		{6161D538-D2E5-4E5E-8B3D-F37DC3C422CB}.Debug|iPhone.ActiveCfg = Debug|Any CPU
		{6161D538-D2E5-4E5E-8B3D-F37DC3C422CB}.Debug|iPhone.Build.0 = Debug|Any CPU
		{6161D538-D2E5-4E5E-8B3D-F37DC3C422CB}.Debug|iPhone.Deploy.0 = Debug|Any CPU
		{6161D538-D2E5-4E5E-8B3D-F37DC3C422CB}.Debug|iPhoneSimulator.ActiveCfg = Debug|Any CPU
		{6161D538-D2E5-4E5E-8B3D-F37DC3C422CB}.Debug|iPhoneSimulator.Build.0 = Debug|Any CPU
		{6161D538-D2E5-4E5E-8B3D-F37DC3C422CB}.Debug|iPhoneSimulator.Deploy.0 = Debug|Any CPU
		{6161D538-D2E5-4E5E-8B3D-F37DC3C422CB}.Release|Any CPU.ActiveCfg = Release|Any CPU
		{6161D538-D2E5-4E5E-8B3D-F37DC3C422CB}.Release|Any CPU.Build.0 = Release|Any CPU
		{6161D538-D2E5-4E5E-8B3D-F37DC3C422CB}.Release|Any CPU.Deploy.0 = Release|Any CPU
		{6161D538-D2E5-4E5E-8B3D-F37DC3C422CB}.Release|iPhone.ActiveCfg = Release|Any CPU
		{6161D538-D2E5-4E5E-8B3D-F37DC3C422CB}.Release|iPhone.Build.0 = Release|Any CPU
		{6161D538-D2E5-4E5E-8B3D-F37DC3C422CB}.Release|iPhone.Deploy.0 = Release|Any CPU
		{6161D538-D2E5-4E5E-8B3D-F37DC3C422CB}.Release|iPhoneSimulator.ActiveCfg = Release|Any CPU
		{6161D538-D2E5-4E5E-8B3D-F37DC3C422CB}.Release|iPhoneSimulator.Build.0 = Release|Any CPU
		{6161D538-D2E5-4E5E-8B3D-F37DC3C422CB}.Release|iPhoneSimulator.Deploy.0 = Release|Any CPU
		{EBCF5071-6274-4F9E-BB7E-C394280D0460}.Ad-Hoc|Any CPU.ActiveCfg = Ad-Hoc|iPhone
		{EBCF5071-6274-4F9E-BB7E-C394280D0460}.Ad-Hoc|Any CPU.Build.0 = Ad-Hoc|iPhone
		{EBCF5071-6274-4F9E-BB7E-C394280D0460}.Ad-Hoc|Any CPU.Deploy.0 = Ad-Hoc|iPhone
		{EBCF5071-6274-4F9E-BB7E-C394280D0460}.Ad-Hoc|iPhone.ActiveCfg = Ad-Hoc|iPhone
		{EBCF5071-6274-4F9E-BB7E-C394280D0460}.Ad-Hoc|iPhone.Build.0 = Ad-Hoc|iPhone
		{EBCF5071-6274-4F9E-BB7E-C394280D0460}.Ad-Hoc|iPhone.Deploy.0 = Ad-Hoc|iPhone
		{EBCF5071-6274-4F9E-BB7E-C394280D0460}.Ad-Hoc|iPhoneSimulator.ActiveCfg = Ad-Hoc|iPhoneSimulator
		{EBCF5071-6274-4F9E-BB7E-C394280D0460}.Ad-Hoc|iPhoneSimulator.Build.0 = Ad-Hoc|iPhoneSimulator
		{EBCF5071-6274-4F9E-BB7E-C394280D0460}.Ad-Hoc|iPhoneSimulator.Deploy.0 = Ad-Hoc|iPhoneSimulator
		{EBCF5071-6274-4F9E-BB7E-C394280D0460}.AppStore|Any CPU.ActiveCfg = AppStore|iPhone
		{EBCF5071-6274-4F9E-BB7E-C394280D0460}.AppStore|Any CPU.Build.0 = AppStore|iPhone
		{EBCF5071-6274-4F9E-BB7E-C394280D0460}.AppStore|Any CPU.Deploy.0 = AppStore|iPhone
		{EBCF5071-6274-4F9E-BB7E-C394280D0460}.AppStore|iPhone.ActiveCfg = AppStore|iPhone
		{EBCF5071-6274-4F9E-BB7E-C394280D0460}.AppStore|iPhone.Build.0 = AppStore|iPhone
		{EBCF5071-6274-4F9E-BB7E-C394280D0460}.AppStore|iPhone.Deploy.0 = AppStore|iPhone
		{EBCF5071-6274-4F9E-BB7E-C394280D0460}.AppStore|iPhoneSimulator.ActiveCfg = AppStore|iPhoneSimulator
		{EBCF5071-6274-4F9E-BB7E-C394280D0460}.AppStore|iPhoneSimulator.Build.0 = AppStore|iPhoneSimulator
		{EBCF5071-6274-4F9E-BB7E-C394280D0460}.AppStore|iPhoneSimulator.Deploy.0 = AppStore|iPhoneSimulator
		{EBCF5071-6274-4F9E-BB7E-C394280D0460}.Debug|Any CPU.ActiveCfg = Debug|iPhoneSimulator
		{EBCF5071-6274-4F9E-BB7E-C394280D0460}.Debug|Any CPU.Build.0 = Debug|iPhoneSimulator
		{EBCF5071-6274-4F9E-BB7E-C394280D0460}.Debug|Any CPU.Deploy.0 = Debug|iPhoneSimulator
		{EBCF5071-6274-4F9E-BB7E-C394280D0460}.Debug|iPhone.ActiveCfg = Debug|iPhone
		{EBCF5071-6274-4F9E-BB7E-C394280D0460}.Debug|iPhone.Build.0 = Debug|iPhone
		{EBCF5071-6274-4F9E-BB7E-C394280D0460}.Debug|iPhone.Deploy.0 = Debug|iPhone
		{EBCF5071-6274-4F9E-BB7E-C394280D0460}.Debug|iPhoneSimulator.ActiveCfg = Debug|iPhoneSimulator
		{EBCF5071-6274-4F9E-BB7E-C394280D0460}.Debug|iPhoneSimulator.Build.0 = Debug|iPhoneSimulator
		{EBCF5071-6274-4F9E-BB7E-C394280D0460}.Debug|iPhoneSimulator.Deploy.0 = Debug|iPhoneSimulator
		{EBCF5071-6274-4F9E-BB7E-C394280D0460}.Release|Any CPU.ActiveCfg = Release|iPhone
		{EBCF5071-6274-4F9E-BB7E-C394280D0460}.Release|Any CPU.Build.0 = Release|iPhone
		{EBCF5071-6274-4F9E-BB7E-C394280D0460}.Release|Any CPU.Deploy.0 = Release|iPhone
		{EBCF5071-6274-4F9E-BB7E-C394280D0460}.Release|iPhone.ActiveCfg = Release|iPhone
		{EBCF5071-6274-4F9E-BB7E-C394280D0460}.Release|iPhone.Build.0 = Release|iPhone
		{EBCF5071-6274-4F9E-BB7E-C394280D0460}.Release|iPhone.Deploy.0 = Release|iPhone
		{EBCF5071-6274-4F9E-BB7E-C394280D0460}.Release|iPhoneSimulator.ActiveCfg = Release|iPhoneSimulator
		{EBCF5071-6274-4F9E-BB7E-C394280D0460}.Release|iPhoneSimulator.Build.0 = Release|iPhoneSimulator
		{EBCF5071-6274-4F9E-BB7E-C394280D0460}.Release|iPhoneSimulator.Deploy.0 = Release|iPhoneSimulator
		{D89ED1C8-B09A-48B1-B478-24E8E6EF4BE9}.Ad-Hoc|Any CPU.ActiveCfg = Debug|Any CPU
		{D89ED1C8-B09A-48B1-B478-24E8E6EF4BE9}.Ad-Hoc|Any CPU.Build.0 = Debug|Any CPU
		{D89ED1C8-B09A-48B1-B478-24E8E6EF4BE9}.Ad-Hoc|Any CPU.Deploy.0 = Debug|Any CPU
		{D89ED1C8-B09A-48B1-B478-24E8E6EF4BE9}.Ad-Hoc|iPhone.ActiveCfg = Debug|Any CPU
		{D89ED1C8-B09A-48B1-B478-24E8E6EF4BE9}.Ad-Hoc|iPhone.Build.0 = Debug|Any CPU
		{D89ED1C8-B09A-48B1-B478-24E8E6EF4BE9}.Ad-Hoc|iPhone.Deploy.0 = Debug|Any CPU
		{D89ED1C8-B09A-48B1-B478-24E8E6EF4BE9}.Ad-Hoc|iPhoneSimulator.ActiveCfg = Debug|Any CPU
		{D89ED1C8-B09A-48B1-B478-24E8E6EF4BE9}.Ad-Hoc|iPhoneSimulator.Build.0 = Debug|Any CPU
		{D89ED1C8-B09A-48B1-B478-24E8E6EF4BE9}.Ad-Hoc|iPhoneSimulator.Deploy.0 = Debug|Any CPU
		{D89ED1C8-B09A-48B1-B478-24E8E6EF4BE9}.AppStore|Any CPU.ActiveCfg = Debug|Any CPU
		{D89ED1C8-B09A-48B1-B478-24E8E6EF4BE9}.AppStore|Any CPU.Build.0 = Debug|Any CPU
		{D89ED1C8-B09A-48B1-B478-24E8E6EF4BE9}.AppStore|Any CPU.Deploy.0 = Debug|Any CPU
		{D89ED1C8-B09A-48B1-B478-24E8E6EF4BE9}.AppStore|iPhone.ActiveCfg = Debug|Any CPU
		{D89ED1C8-B09A-48B1-B478-24E8E6EF4BE9}.AppStore|iPhone.Build.0 = Debug|Any CPU
		{D89ED1C8-B09A-48B1-B478-24E8E6EF4BE9}.AppStore|iPhone.Deploy.0 = Debug|Any CPU
		{D89ED1C8-B09A-48B1-B478-24E8E6EF4BE9}.AppStore|iPhoneSimulator.ActiveCfg = Debug|Any CPU
		{D89ED1C8-B09A-48B1-B478-24E8E6EF4BE9}.AppStore|iPhoneSimulator.Build.0 = Debug|Any CPU
		{D89ED1C8-B09A-48B1-B478-24E8E6EF4BE9}.AppStore|iPhoneSimulator.Deploy.0 = Debug|Any CPU
		{D89ED1C8-B09A-48B1-B478-24E8E6EF4BE9}.Debug|Any CPU.ActiveCfg = Debug|Any CPU
		{D89ED1C8-B09A-48B1-B478-24E8E6EF4BE9}.Debug|Any CPU.Build.0 = Debug|Any CPU
		{D89ED1C8-B09A-48B1-B478-24E8E6EF4BE9}.Debug|Any CPU.Deploy.0 = Debug|Any CPU
		{D89ED1C8-B09A-48B1-B478-24E8E6EF4BE9}.Debug|iPhone.ActiveCfg = Debug|Any CPU
		{D89ED1C8-B09A-48B1-B478-24E8E6EF4BE9}.Debug|iPhone.Build.0 = Debug|Any CPU
		{D89ED1C8-B09A-48B1-B478-24E8E6EF4BE9}.Debug|iPhone.Deploy.0 = Debug|Any CPU
		{D89ED1C8-B09A-48B1-B478-24E8E6EF4BE9}.Debug|iPhoneSimulator.ActiveCfg = Debug|Any CPU
		{D89ED1C8-B09A-48B1-B478-24E8E6EF4BE9}.Debug|iPhoneSimulator.Build.0 = Debug|Any CPU
		{D89ED1C8-B09A-48B1-B478-24E8E6EF4BE9}.Debug|iPhoneSimulator.Deploy.0 = Debug|Any CPU
		{D89ED1C8-B09A-48B1-B478-24E8E6EF4BE9}.Release|Any CPU.ActiveCfg = Release|Any CPU
		{D89ED1C8-B09A-48B1-B478-24E8E6EF4BE9}.Release|Any CPU.Build.0 = Release|Any CPU
		{D89ED1C8-B09A-48B1-B478-24E8E6EF4BE9}.Release|Any CPU.Deploy.0 = Release|Any CPU
		{D89ED1C8-B09A-48B1-B478-24E8E6EF4BE9}.Release|iPhone.ActiveCfg = Release|Any CPU
		{D89ED1C8-B09A-48B1-B478-24E8E6EF4BE9}.Release|iPhone.Build.0 = Release|Any CPU
		{D89ED1C8-B09A-48B1-B478-24E8E6EF4BE9}.Release|iPhone.Deploy.0 = Release|Any CPU
		{D89ED1C8-B09A-48B1-B478-24E8E6EF4BE9}.Release|iPhoneSimulator.ActiveCfg = Release|Any CPU
		{D89ED1C8-B09A-48B1-B478-24E8E6EF4BE9}.Release|iPhoneSimulator.Build.0 = Release|Any CPU
		{D89ED1C8-B09A-48B1-B478-24E8E6EF4BE9}.Release|iPhoneSimulator.Deploy.0 = Release|Any CPU
	EndGlobalSection
	GlobalSection(SolutionProperties) = preSolution
		HideSolutionNode = FALSE
	EndGlobalSection
	GlobalSection(ExtensibilityGlobals) = postSolution
		SolutionGuid = {EE188A07-51F0-4A6A-8439-D7C39AEEA047}
	EndGlobalSection
EndGlobal
